Microsoft Visual Studio Solution File, Format Version 12.00
# Visual Studio Version 17
VisualStudioVersion = 17.5.2.0
MinimumVisualStudioVersion = 10.0.40219.1
Project("{2150E333-8FDC-42A3-9474-1A3956D46DE8}") = "Fase1", "Fase1", "{6EE38F21-6A6B-2DB3-9BDA-6B7B98798B3A}"
EndProject
Project("{FAE04EC0-301F-11D3-BF4B-00C04F79EFBC}") = "Fase1", "Fase1\Fase1\Fase1.csproj", "{9F4411B8-BC12-1082-B27B-249098C25132}"
EndProject
Global
	GlobalSection(SolutionConfigurationPlatforms) = preSolution
		Debug|Any CPU = Debug|Any CPU
		Release|Any CPU = Release|Any CPU
	EndGlobalSection
	GlobalSection(ProjectConfigurationPlatforms) = postSolution
		{9F4411B8-BC12-1082-B27B-249098C25132}.Debug|Any CPU.ActiveCfg = Debug|Any CPU
		{9F4411B8-BC12-1082-B27B-249098C25132}.Debug|Any CPU.Build.0 = Debug|Any CPU
		{9F4411B8-BC12-1082-B27B-249098C25132}.Release|Any CPU.ActiveCfg = Release|Any CPU
		{9F4411B8-BC12-1082-B27B-249098C25132}.Release|Any CPU.Build.0 = Release|Any CPU
	EndGlobalSection
	GlobalSection(SolutionProperties) = preSolution
		HideSolutionNode = FALSE
	EndGlobalSection
	GlobalSection(NestedProjects) = preSolution
		{9F4411B8-BC12-1082-B27B-249098C25132} = {6EE38F21-6A6B-2DB3-9BDA-6B7B98798B3A}
	EndGlobalSection
	GlobalSection(ExtensibilityGlobals) = postSolution
		SolutionGuid = {03033B85-4CDF-4DB9-91F6-77BB6AC59824}
	EndGlobalSection
EndGlobal
